
Microsoft Visual Studio Solution File, Format Version 12.00
# Visual Studio Version 16
VisualStudioVersion = 16.0.34729.46
MinimumVisualStudioVersion = 10.0.40219.1
Project("{FAE04EC0-301F-11D3-BF4B-00C04F79EFBC}") = "IT123P - Group Lab Task", "IT123P - Group Lab Task.csproj", "{834E48DA-B514-47BD-A429-DFFC867CB38C}"
EndProject
Global
	GlobalSection(SolutionConfigurationPlatforms) = preSolution
		Debug|Any CPU = Debug|Any CPU
		Release|Any CPU = Release|Any CPU
	EndGlobalSection
	GlobalSection(ProjectConfigurationPlatforms) = postSolution
		{834E48DA-B514-47BD-A429-DFFC867CB38C}.Debug|Any CPU.ActiveCfg = Debug|Any CPU
		{834E48DA-B514-47BD-A429-DFFC867CB38C}.Debug|Any CPU.Build.0 = Debug|Any CPU
		{834E48DA-B514-47BD-A429-DFFC867CB38C}.Debug|Any CPU.Deploy.0 = Debug|Any CPU
		{834E48DA-B514-47BD-A429-DFFC867CB38C}.Release|Any CPU.ActiveCfg = Release|Any CPU
		{834E48DA-B514-47BD-A429-DFFC867CB38C}.Release|Any CPU.Build.0 = Release|Any CPU
		{834E48DA-B514-47BD-A429-DFFC867CB38C}.Release|Any CPU.Deploy.0 = Release|Any CPU
	EndGlobalSection
	GlobalSection(SolutionProperties) = preSolution
		HideSolutionNode = FALSE
	EndGlobalSection
	GlobalSection(ExtensibilityGlobals) = postSolution
		SolutionGuid = {3F449FFA-700B-4DB6-B030-A3E57D689F3C}
	EndGlobalSection
EndGlobal
